
Microsoft Visual Studio Solution File, Format Version 12.00
# Visual Studio Version 17
VisualStudioVersion = 17.5.002.0
MinimumVisualStudioVersion = 10.0.40219.1
Project("{9A19103F-16F7-4668-BE54-9A1E7A4F7556}") = "Projeto_Web-Lh_Pets_Alunos", "Projeto_Web-Lh_Pets_Alunos.csproj", "{84CB9CBC-81A6-4C04-A7C0-58DD8CB960A0}"
EndProject
Global
	GlobalSection(SolutionConfigurationPlatforms) = preSolution
		Debug|Any CPU = Debug|Any CPU
		Release|Any CPU = Release|Any CPU
	EndGlobalSection
	GlobalSection(ProjectConfigurationPlatforms) = postSolution
		{84CB9CBC-81A6-4C04-A7C0-58DD8CB960A0}.Debug|Any CPU.ActiveCfg = Debug|Any CPU
		{84CB9CBC-81A6-4C04-A7C0-58DD8CB960A0}.Debug|Any CPU.Build.0 = Debug|Any CPU
		{84CB9CBC-81A6-4C04-A7C0-58DD8CB960A0}.Release|Any CPU.ActiveCfg = Release|Any CPU
		{84CB9CBC-81A6-4C04-A7C0-58DD8CB960A0}.Release|Any CPU.Build.0 = Release|Any CPU
	EndGlobalSection
	GlobalSection(SolutionProperties) = preSolution
		HideSolutionNode = FALSE
	EndGlobalSection
	GlobalSection(ExtensibilityGlobals) = postSolution
		SolutionGuid = {FB50EAA5-7EBE-4882-BC2C-07AFCFA9ED0E}
	EndGlobalSection
EndGlobal
